
Microsoft Visual Studio Solution File, Format Version 12.00
# Visual Studio Version 16
VisualStudioVersion = 16.0.30907.101
MinimumVisualStudioVersion = 10.0.40219.1
Project("{FAE04EC0-301F-11D3-BF4B-00C04F79EFBC}") = "KustomTrackers", "KustomTrackers.csproj", "{A0E5E13A-774C-42D4-A2D2-EAF628E96578}"
EndProject
Global
	GlobalSection(SolutionConfigurationPlatforms) = preSolution
		Debug|Any CPU = Debug|Any CPU
		Release|Any CPU = Release|Any CPU
	EndGlobalSection
	GlobalSection(ProjectConfigurationPlatforms) = postSolution
		{A0E5E13A-774C-42D4-A2D2-EAF628E96578}.Debug|Any CPU.ActiveCfg = Debug|Any CPU
		{A0E5E13A-774C-42D4-A2D2-EAF628E96578}.Debug|Any CPU.Build.0 = Debug|Any CPU
		{A0E5E13A-774C-42D4-A2D2-EAF628E96578}.Release|Any CPU.ActiveCfg = Release|Any CPU
		{A0E5E13A-774C-42D4-A2D2-EAF628E96578}.Release|Any CPU.Build.0 = Release|Any CPU
	EndGlobalSection
	GlobalSection(SolutionProperties) = preSolution
		HideSolutionNode = FALSE
	EndGlobalSection
	GlobalSection(ExtensibilityGlobals) = postSolution
		SolutionGuid = {F4589392-BC0A-4B82-A1FB-F01365F9C1F8}
	EndGlobalSection
EndGlobal
